
Microsoft Visual Studio Solution File, Format Version 12.00
# Visual Studio Version 17
Project("{2150E333-8FDC-42A3-9474-1A3956D46DE8}") = "CMakePredefinedTargets", "CMakePredefinedTargets", "{0C11D039-3CE1-3263-BBF5-A0CD7BD2DF9C}"
EndProject
Project("{2150E333-8FDC-42A3-9474-1A3956D46DE8}") = "CTestDashboardTargets", "CTestDashboardTargets", "{4F6E37E7-1654-32AE-A599-593FE49B877C}"
EndProject
Project("{2150E333-8FDC-42A3-9474-1A3956D46DE8}") = "GLFW3", "GLFW3", "{03CCAE04-B8CF-39BD-B2F4-FC3BE50FBD29}"
EndProject
Project("{8BC9CEB8-8B4A-11D0-8D11-00A0C91BC942}") = "ALL_BUILD", "ALL_BUILD.vcxproj", "{6C160390-8149-3C60-A40A-354CDF2AD3C5}"
	ProjectSection(ProjectDependencies) = postProject
		{F77823F1-9474-3889-8AD7-07E71F01216C} = {F77823F1-9474-3889-8AD7-07E71F01216C}
		{8D9FCF0E-1857-37B6-AEEE-E6710485AA55} = {8D9FCF0E-1857-37B6-AEEE-E6710485AA55}
		{CBB7F74A-CCCB-33F5-83D1-9F6499449184} = {CBB7F74A-CCCB-33F5-83D1-9F6499449184}
		{B2EFD3DB-EEF7-3088-9055-10E30C99EA13} = {B2EFD3DB-EEF7-3088-9055-10E30C99EA13}
		{3D95ABD2-B429-34FF-ACD9-DDF201382583} = {3D95ABD2-B429-34FF-ACD9-DDF201382583}
		{09F3D879-8CAB-3539-A328-1A816B28E21F} = {09F3D879-8CAB-3539-A328-1A816B28E21F}
		{7973425E-B397-3AD1-B835-AFA873A2F969} = {7973425E-B397-3AD1-B835-AFA873A2F969}
		{CD2FA265-8578-3EC1-9674-7E4D63EAC168} = {CD2FA265-8578-3EC1-9674-7E4D63EAC168}
		{9C301826-BF29-3F2D-A92F-3711E846D1F4} = {9C301826-BF29-3F2D-A92F-3711E846D1F4}
		{C7632ADC-F5DE-343B-9D18-FFFF62BF1A8D} = {C7632ADC-F5DE-343B-9D18-FFFF62BF1A8D}
		{B8D5368D-5EEC-3993-8BEB-61887B6FF35F} = {B8D5368D-5EEC-3993-8BEB-61887B6FF35F}
		{F5359A97-4D0D-35D2-AEFC-2F8A0194A5A5} = {F5359A97-4D0D-35D2-AEFC-2F8A0194A5A5}
		{FB86FB1F-C11F-3B32-8BC5-4A8DE302ED5D} = {FB86FB1F-C11F-3B32-8BC5-4A8DE302ED5D}
		{0E55CC7F-FB19-394A-9268-3E7049C54A72} = {0E55CC7F-FB19-394A-9268-3E7049C54A72}
		{48BCF9FE-C883-32A2-B238-CBC4EE634986} = {48BCF9FE-C883-32A2-B238-CBC4EE634986}
		{8A6A4B3C-BB54-313C-8477-88F6EF42A632} = {8A6A4B3C-BB54-313C-8477-88F6EF42A632}
		{81A6518E-C78E-3AE8-BBD1-49719AC947B2} = {81A6518E-C78E-3AE8-BBD1-49719AC947B2}
		{A14004B8-10FF-37E4-992B-28B826CB6181} = {A14004B8-10FF-37E4-992B-28B826CB6181}
		{3D2D34CD-52BC-3F7A-A8A0-67E55455C937} = {3D2D34CD-52BC-3F7A-A8A0-67E55455C937}
		{FDDAE59F-090D-3E06-A5FD-6839BEDE8957} = {FDDAE59F-090D-3E06-A5FD-6839BEDE8957}
		{3C431606-6884-3751-8D9D-D87C3D5CC198} = {3C431606-6884-3751-8D9D-D87C3D5CC198}
		{0514F089-9EF1-3E99-B7A1-4DB6417F8D38} = {0514F089-9EF1-3E99-B7A1-4DB6417F8D38}
		{061F3198-0649-3DAE-BD75-ABCE827CC08E} = {061F3198-0649-3DAE-BD75-ABCE827CC08E}
		{9FBA1488-83D9-3A0B-A8DA-AF3FCA579787} = {9FBA1488-83D9-3A0B-A8DA-AF3FCA579787}
		{7D209663-511E-302D-AAFA-9A866A67CC39} = {7D209663-511E-302D-AAFA-9A866A67CC39}
		{6F32781F-21AA-3B8B-9AE0-D8C6965ECEC8} = {6F32781F-21AA-3B8B-9AE0-D8C6965ECEC8}
		{8E61DF79-F1B0-31A8-AAE2-C444B092F37B} = {8E61DF79-F1B0-31A8-AAE2-C444B092F37B}
	EndProjectSection
EndProject
Project("{8BC9CEB8-8B4A-11D0-8D11-00A0C91BC942}") = "Continuous", "Continuous.vcxproj", "{0DF322F2-3424-3E82-A540-EC77AB10E342}"
	ProjectSection(ProjectDependencies) = postProject
		{F77823F1-9474-3889-8AD7-07E71F01216C} = {F77823F1-9474-3889-8AD7-07E71F01216C}
	EndProjectSection
EndProject
Project("{8BC9CEB8-8B4A-11D0-8D11-00A0C91BC942}") = "Experimental", "Experimental.vcxproj", "{ACCBE556-3C54-3462-95FA-FBCC0023BBD4}"
	ProjectSection(ProjectDependencies) = postProject
		{F77823F1-9474-3889-8AD7-07E71F01216C} = {F77823F1-9474-3889-8AD7-07E71F01216C}
	EndProjectSection
EndProject
Project("{8BC9CEB8-8B4A-11D0-8D11-00A0C91BC942}") = "INSTALL", "INSTALL.vcxproj", "{E8352839-DD44-335D-9501-CBA35CD9216C}"
	ProjectSection(ProjectDependencies) = postProject
		{6C160390-8149-3C60-A40A-354CDF2AD3C5} = {6C160390-8149-3C60-A40A-354CDF2AD3C5}
		{F77823F1-9474-3889-8AD7-07E71F01216C} = {F77823F1-9474-3889-8AD7-07E71F01216C}
	EndProjectSection
EndProject
Project("{8BC9CEB8-8B4A-11D0-8D11-00A0C91BC942}") = "Nightly", "Nightly.vcxproj", "{C9FF7112-013B-398B-BB8D-0AE308BEB46E}"
	ProjectSection(ProjectDependencies) = postProject
		{F77823F1-9474-3889-8AD7-07E71F01216C} = {F77823F1-9474-3889-8AD7-07E71F01216C}
	EndProjectSection
EndProject
Project("{8BC9CEB8-8B4A-11D0-8D11-00A0C91BC942}") = "NightlyMemoryCheck", "NightlyMemoryCheck.vcxproj", "{13904DE8-0E3E-3A75-AFCA-0D42BC910BDD}"
	ProjectSection(ProjectDependencies) = postProject
		{F77823F1-9474-3889-8AD7-07E71F01216C} = {F77823F1-9474-3889-8AD7-07E71F01216C}
	EndProjectSection
EndProject
Project("{8BC9CEB8-8B4A-11D0-8D11-00A0C91BC942}") = "PACKAGE", "PACKAGE.vcxproj", "{0C46F80C-BFCB-372E-B1A2-C9190BE729DE}"
	ProjectSection(ProjectDependencies) = postProject
		{6C160390-8149-3C60-A40A-354CDF2AD3C5} = {6C160390-8149-3C60-A40A-354CDF2AD3C5}
		{F77823F1-9474-3889-8AD7-07E71F01216C} = {F77823F1-9474-3889-8AD7-07E71F01216C}
	EndProjectSection
EndProject
Project("{8BC9CEB8-8B4A-11D0-8D11-00A0C91BC942}") = "RUN_TESTS", "RUN_TESTS.vcxproj", "{72133794-A4F0-34D9-B364-7EC10131AECF}"
	ProjectSection(ProjectDependencies) = postProject
		{F77823F1-9474-3889-8AD7-07E71F01216C} = {F77823F1-9474-3889-8AD7-07E71F01216C}
	EndProjectSection
EndProject
Project("{8BC9CEB8-8B4A-11D0-8D11-00A0C91BC942}") = "ZERO_CHECK", "ZERO_CHECK.vcxproj", "{F77823F1-9474-3889-8AD7-07E71F01216C}"
	ProjectSection(ProjectDependencies) = postProject
	EndProjectSection
EndProject
Project("{8BC9CEB8-8B4A-11D0-8D11-00A0C91BC942}") = "audio_music_stream", "examples\audio_music_stream.vcxproj", "{8D9FCF0E-1857-37B6-AEEE-E6710485AA55}"
	ProjectSection(ProjectDependencies) = postProject
		{F77823F1-9474-3889-8AD7-07E71F01216C} = {F77823F1-9474-3889-8AD7-07E71F01216C}
		{F5359A97-4D0D-35D2-AEFC-2F8A0194A5A5} = {F5359A97-4D0D-35D2-AEFC-2F8A0194A5A5}
		{8A6A4B3C-BB54-313C-8477-88F6EF42A632} = {8A6A4B3C-BB54-313C-8477-88F6EF42A632}
	EndProjectSection
EndProject
Project("{8BC9CEB8-8B4A-11D0-8D11-00A0C91BC942}") = "audio_sound_loading", "examples\audio_sound_loading.vcxproj", "{CBB7F74A-CCCB-33F5-83D1-9F6499449184}"
	ProjectSection(ProjectDependencies) = postProject
		{F77823F1-9474-3889-8AD7-07E71F01216C} = {F77823F1-9474-3889-8AD7-07E71F01216C}
		{F5359A97-4D0D-35D2-AEFC-2F8A0194A5A5} = {F5359A97-4D0D-35D2-AEFC-2F8A0194A5A5}
		{8A6A4B3C-BB54-313C-8477-88F6EF42A632} = {8A6A4B3C-BB54-313C-8477-88F6EF42A632}
	EndProjectSection
EndProject
Project("{8BC9CEB8-8B4A-11D0-8D11-00A0C91BC942}") = "core_basic_window", "examples\core_basic_window.vcxproj", "{B2EFD3DB-EEF7-3088-9055-10E30C99EA13}"
	ProjectSection(ProjectDependencies) = postProject
		{F77823F1-9474-3889-8AD7-07E71F01216C} = {F77823F1-9474-3889-8AD7-07E71F01216C}
		{F5359A97-4D0D-35D2-AEFC-2F8A0194A5A5} = {F5359A97-4D0D-35D2-AEFC-2F8A0194A5A5}
		{8A6A4B3C-BB54-313C-8477-88F6EF42A632} = {8A6A4B3C-BB54-313C-8477-88F6EF42A632}
	EndProjectSection
EndProject
Project("{8BC9CEB8-8B4A-11D0-8D11-00A0C91BC942}") = "core_basic_window_web", "examples\core_basic_window_web.vcxproj", "{3D95ABD2-B429-34FF-ACD9-DDF201382583}"
	ProjectSection(ProjectDependencies) = postProject
		{F77823F1-9474-3889-8AD7-07E71F01216C} = {F77823F1-9474-3889-8AD7-07E71F01216C}
		{F5359A97-4D0D-35D2-AEFC-2F8A0194A5A5} = {F5359A97-4D0D-35D2-AEFC-2F8A0194A5A5}
		{8A6A4B3C-BB54-313C-8477-88F6EF42A632} = {8A6A4B3C-BB54-313C-8477-88F6EF42A632}
	EndProjectSection
EndProject
Project("{8BC9CEB8-8B4A-11D0-8D11-00A0C91BC942}") = "core_drop_files", "examples\core_drop_files.vcxproj", "{09F3D879-8CAB-3539-A328-1A816B28E21F}"
	ProjectSection(ProjectDependencies) = postProject
		{F77823F1-9474-3889-8AD7-07E71F01216C} = {F77823F1-9474-3889-8AD7-07E71F01216C}
		{F5359A97-4D0D-35D2-AEFC-2F8A0194A5A5} = {F5359A97-4D0D-35D2-AEFC-2F8A0194A5A5}
		{8A6A4B3C-BB54-313C-8477-88F6EF42A632} = {8A6A4B3C-BB54-313C-8477-88F6EF42A632}
	EndProjectSection
EndProject
Project("{8BC9CEB8-8B4A-11D0-8D11-00A0C91BC942}") = "core_input_mouse", "examples\core_input_mouse.vcxproj", "{7973425E-B397-3AD1-B835-AFA873A2F969}"
	ProjectSection(ProjectDependencies) = postProject
		{F77823F1-9474-3889-8AD7-07E71F01216C} = {F77823F1-9474-3889-8AD7-07E71F01216C}
		{F5359A97-4D0D-35D2-AEFC-2F8A0194A5A5} = {F5359A97-4D0D-35D2-AEFC-2F8A0194A5A5}
		{8A6A4B3C-BB54-313C-8477-88F6EF42A632} = {8A6A4B3C-BB54-313C-8477-88F6EF42A632}
	EndProjectSection
EndProject
Project("{8BC9CEB8-8B4A-11D0-8D11-00A0C91BC942}") = "core_loading_thread", "examples\core_loading_thread.vcxproj", "{CD2FA265-8578-3EC1-9674-7E4D63EAC168}"
	ProjectSection(ProjectDependencies) = postProject
		{F77823F1-9474-3889-8AD7-07E71F01216C} = {F77823F1-9474-3889-8AD7-07E71F01216C}
		{F5359A97-4D0D-35D2-AEFC-2F8A0194A5A5} = {F5359A97-4D0D-35D2-AEFC-2F8A0194A5A5}
		{8A6A4B3C-BB54-313C-8477-88F6EF42A632} = {8A6A4B3C-BB54-313C-8477-88F6EF42A632}
	EndProjectSection
EndProject
Project("{8BC9CEB8-8B4A-11D0-8D11-00A0C91BC942}") = "core_random_values", "examples\core_random_values.vcxproj", "{9C301826-BF29-3F2D-A92F-3711E846D1F4}"
	ProjectSection(ProjectDependencies) = postProject
		{F77823F1-9474-3889-8AD7-07E71F01216C} = {F77823F1-9474-3889-8AD7-07E71F01216C}
		{F5359A97-4D0D-35D2-AEFC-2F8A0194A5A5} = {F5359A97-4D0D-35D2-AEFC-2F8A0194A5A5}
		{8A6A4B3C-BB54-313C-8477-88F6EF42A632} = {8A6A4B3C-BB54-313C-8477-88F6EF42A632}
	EndProjectSection
EndProject
Project("{8BC9CEB8-8B4A-11D0-8D11-00A0C91BC942}") = "core_window_letterbox", "examples\core_window_letterbox.vcxproj", "{C7632ADC-F5DE-343B-9D18-FFFF62BF1A8D}"
	ProjectSection(ProjectDependencies) = postProject
		{F77823F1-9474-3889-8AD7-07E71F01216C} = {F77823F1-9474-3889-8AD7-07E71F01216C}
		{F5359A97-4D0D-35D2-AEFC-2F8A0194A5A5} = {F5359A97-4D0D-35D2-AEFC-2F8A0194A5A5}
		{8A6A4B3C-BB54-313C-8477-88F6EF42A632} = {8A6A4B3C-BB54-313C-8477-88F6EF42A632}
	EndProjectSection
EndProject
Project("{8BC9CEB8-8B4A-11D0-8D11-00A0C91BC942}") = "core_world_screen", "examples\core_world_screen.vcxproj", "{B8D5368D-5EEC-3993-8BEB-61887B6FF35F}"
	ProjectSection(ProjectDependencies) = postProject
		{F77823F1-9474-3889-8AD7-07E71F01216C} = {F77823F1-9474-3889-8AD7-07E71F01216C}
		{F5359A97-4D0D-35D2-AEFC-2F8A0194A5A5} = {F5359A97-4D0D-35D2-AEFC-2F8A0194A5A5}
		{8A6A4B3C-BB54-313C-8477-88F6EF42A632} = {8A6A4B3C-BB54-313C-8477-88F6EF42A632}
	EndProjectSection
EndProject
Project("{8BC9CEB8-8B4A-11D0-8D11-00A0C91BC942}") = "glfw", "_deps\raylib-build\raylib\external\glfw\src\glfw.vcxproj", "{F5359A97-4D0D-35D2-AEFC-2F8A0194A5A5}"
	ProjectSection(ProjectDependencies) = postProject
		{F77823F1-9474-3889-8AD7-07E71F01216C} = {F77823F1-9474-3889-8AD7-07E71F01216C}
	EndProjectSection
EndProject
Project("{8BC9CEB8-8B4A-11D0-8D11-00A0C91BC942}") = "models_billboard", "examples\models_billboard.vcxproj", "{FB86FB1F-C11F-3B32-8BC5-4A8DE302ED5D}"
	ProjectSection(ProjectDependencies) = postProject
		{F77823F1-9474-3889-8AD7-07E71F01216C} = {F77823F1-9474-3889-8AD7-07E71F01216C}
		{F5359A97-4D0D-35D2-AEFC-2F8A0194A5A5} = {F5359A97-4D0D-35D2-AEFC-2F8A0194A5A5}
		{8A6A4B3C-BB54-313C-8477-88F6EF42A632} = {8A6A4B3C-BB54-313C-8477-88F6EF42A632}
	EndProjectSection
EndProject
Project("{8BC9CEB8-8B4A-11D0-8D11-00A0C91BC942}") = "models_first_person_maze", "examples\models_first_person_maze.vcxproj", "{0E55CC7F-FB19-394A-9268-3E7049C54A72}"
	ProjectSection(ProjectDependencies) = postProject
		{F77823F1-9474-3889-8AD7-07E71F01216C} = {F77823F1-9474-3889-8AD7-07E71F01216C}
		{F5359A97-4D0D-35D2-AEFC-2F8A0194A5A5} = {F5359A97-4D0D-35D2-AEFC-2F8A0194A5A5}
		{8A6A4B3C-BB54-313C-8477-88F6EF42A632} = {8A6A4B3C-BB54-313C-8477-88F6EF42A632}
	EndProjectSection
EndProject
Project("{8BC9CEB8-8B4A-11D0-8D11-00A0C91BC942}") = "multiple", "examples\multiple.vcxproj", "{48BCF9FE-C883-32A2-B238-CBC4EE634986}"
	ProjectSection(ProjectDependencies) = postProject
		{F77823F1-9474-3889-8AD7-07E71F01216C} = {F77823F1-9474-3889-8AD7-07E71F01216C}
		{F5359A97-4D0D-35D2-AEFC-2F8A0194A5A5} = {F5359A97-4D0D-35D2-AEFC-2F8A0194A5A5}
		{8A6A4B3C-BB54-313C-8477-88F6EF42A632} = {8A6A4B3C-BB54-313C-8477-88F6EF42A632}
	EndProjectSection
EndProject
Project("{8BC9CEB8-8B4A-11D0-8D11-00A0C91BC942}") = "raylib", "_deps\raylib-build\raylib\raylib.vcxproj", "{8A6A4B3C-BB54-313C-8477-88F6EF42A632}"
	ProjectSection(ProjectDependencies) = postProject
		{F77823F1-9474-3889-8AD7-07E71F01216C} = {F77823F1-9474-3889-8AD7-07E71F01216C}
		{F5359A97-4D0D-35D2-AEFC-2F8A0194A5A5} = {F5359A97-4D0D-35D2-AEFC-2F8A0194A5A5}
	EndProjectSection
EndProject
Project("{8BC9CEB8-8B4A-11D0-8D11-00A0C91BC942}") = "raylib_cpp_test", "tests\raylib_cpp_test.vcxproj", "{81A6518E-C78E-3AE8-BBD1-49719AC947B2}"
	ProjectSection(ProjectDependencies) = postProject
		{F77823F1-9474-3889-8AD7-07E71F01216C} = {F77823F1-9474-3889-8AD7-07E71F01216C}
		{F5359A97-4D0D-35D2-AEFC-2F8A0194A5A5} = {F5359A97-4D0D-35D2-AEFC-2F8A0194A5A5}
		{8A6A4B3C-BB54-313C-8477-88F6EF42A632} = {8A6A4B3C-BB54-313C-8477-88F6EF42A632}
	EndProjectSection
EndProject
Project("{8BC9CEB8-8B4A-11D0-8D11-00A0C91BC942}") = "shaders_texture_waves", "examples\shaders_texture_waves.vcxproj", "{A14004B8-10FF-37E4-992B-28B826CB6181}"
	ProjectSection(ProjectDependencies) = postProject
		{F77823F1-9474-3889-8AD7-07E71F01216C} = {F77823F1-9474-3889-8AD7-07E71F01216C}
		{F5359A97-4D0D-35D2-AEFC-2F8A0194A5A5} = {F5359A97-4D0D-35D2-AEFC-2F8A0194A5A5}
		{8A6A4B3C-BB54-313C-8477-88F6EF42A632} = {8A6A4B3C-BB54-313C-8477-88F6EF42A632}
	EndProjectSection
EndProject
Project("{8BC9CEB8-8B4A-11D0-8D11-00A0C91BC942}") = "shapes_collision_area", "examples\shapes_collision_area.vcxproj", "{3D2D34CD-52BC-3F7A-A8A0-67E55455C937}"
	ProjectSection(ProjectDependencies) = postProject
		{F77823F1-9474-3889-8AD7-07E71F01216C} = {F77823F1-9474-3889-8AD7-07E71F01216C}
		{F5359A97-4D0D-35D2-AEFC-2F8A0194A5A5} = {F5359A97-4D0D-35D2-AEFC-2F8A0194A5A5}
		{8A6A4B3C-BB54-313C-8477-88F6EF42A632} = {8A6A4B3C-BB54-313C-8477-88F6EF42A632}
	EndProjectSection
EndProject
Project("{8BC9CEB8-8B4A-11D0-8D11-00A0C91BC942}") = "shapes_logo_raylib", "examples\shapes_logo_raylib.vcxproj", "{FDDAE59F-090D-3E06-A5FD-6839BEDE8957}"
	ProjectSection(ProjectDependencies) = postProject
		{F77823F1-9474-3889-8AD7-07E71F01216C} = {F77823F1-9474-3889-8AD7-07E71F01216C}
		{F5359A97-4D0D-35D2-AEFC-2F8A0194A5A5} = {F5359A97-4D0D-35D2-AEFC-2F8A0194A5A5}
		{8A6A4B3C-BB54-313C-8477-88F6EF42A632} = {8A6A4B3C-BB54-313C-8477-88F6EF42A632}
	EndProjectSection
EndProject
Project("{8BC9CEB8-8B4A-11D0-8D11-00A0C91BC942}") = "text_font_filters", "examples\text_font_filters.vcxproj", "{3C431606-6884-3751-8D9D-D87C3D5CC198}"
	ProjectSection(ProjectDependencies) = postProject
		{F77823F1-9474-3889-8AD7-07E71F01216C} = {F77823F1-9474-3889-8AD7-07E71F01216C}
		{F5359A97-4D0D-35D2-AEFC-2F8A0194A5A5} = {F5359A97-4D0D-35D2-AEFC-2F8A0194A5A5}
		{8A6A4B3C-BB54-313C-8477-88F6EF42A632} = {8A6A4B3C-BB54-313C-8477-88F6EF42A632}
	EndProjectSection
EndProject
Project("{8BC9CEB8-8B4A-11D0-8D11-00A0C91BC942}") = "text_font_loading", "examples\text_font_loading.vcxproj", "{0514F089-9EF1-3E99-B7A1-4DB6417F8D38}"
	ProjectSection(ProjectDependencies) = postProject
		{F77823F1-9474-3889-8AD7-07E71F01216C} = {F77823F1-9474-3889-8AD7-07E71F01216C}
		{F5359A97-4D0D-35D2-AEFC-2F8A0194A5A5} = {F5359A97-4D0D-35D2-AEFC-2F8A0194A5A5}
		{8A6A4B3C-BB54-313C-8477-88F6EF42A632} = {8A6A4B3C-BB54-313C-8477-88F6EF42A632}
	EndProjectSection
EndProject
Project("{8BC9CEB8-8B4A-11D0-8D11-00A0C91BC942}") = "text_font_spritefont", "examples\text_font_spritefont.vcxproj", "{061F3198-0649-3DAE-BD75-ABCE827CC08E}"
	ProjectSection(ProjectDependencies) = postProject
		{F77823F1-9474-3889-8AD7-07E71F01216C} = {F77823F1-9474-3889-8AD7-07E71F01216C}
		{F5359A97-4D0D-35D2-AEFC-2F8A0194A5A5} = {F5359A97-4D0D-35D2-AEFC-2F8A0194A5A5}
		{8A6A4B3C-BB54-313C-8477-88F6EF42A632} = {8A6A4B3C-BB54-313C-8477-88F6EF42A632}
	EndProjectSection
EndProject
Project("{8BC9CEB8-8B4A-11D0-8D11-00A0C91BC942}") = "text_raylib_fonts", "examples\text_raylib_fonts.vcxproj", "{9FBA1488-83D9-3A0B-A8DA-AF3FCA579787}"
	ProjectSection(ProjectDependencies) = postProject
		{F77823F1-9474-3889-8AD7-07E71F01216C} = {F77823F1-9474-3889-8AD7-07E71F01216C}
		{F5359A97-4D0D-35D2-AEFC-2F8A0194A5A5} = {F5359A97-4D0D-35D2-AEFC-2F8A0194A5A5}
		{8A6A4B3C-BB54-313C-8477-88F6EF42A632} = {8A6A4B3C-BB54-313C-8477-88F6EF42A632}
	EndProjectSection
EndProject
Project("{8BC9CEB8-8B4A-11D0-8D11-00A0C91BC942}") = "textures_bunnymark", "examples\textures_bunnymark.vcxproj", "{7D209663-511E-302D-AAFA-9A866A67CC39}"
	ProjectSection(ProjectDependencies) = postProject
		{F77823F1-9474-3889-8AD7-07E71F01216C} = {F77823F1-9474-3889-8AD7-07E71F01216C}
		{F5359A97-4D0D-35D2-AEFC-2F8A0194A5A5} = {F5359A97-4D0D-35D2-AEFC-2F8A0194A5A5}
		{8A6A4B3C-BB54-313C-8477-88F6EF42A632} = {8A6A4B3C-BB54-313C-8477-88F6EF42A632}
	EndProjectSection
EndProject
Project("{8BC9CEB8-8B4A-11D0-8D11-00A0C91BC942}") = "textures_image_drawing", "examples\textures_image_drawing.vcxproj", "{6F32781F-21AA-3B8B-9AE0-D8C6965ECEC8}"
	ProjectSection(ProjectDependencies) = postProject
		{F77823F1-9474-3889-8AD7-07E71F01216C} = {F77823F1-9474-3889-8AD7-07E71F01216C}
		{F5359A97-4D0D-35D2-AEFC-2F8A0194A5A5} = {F5359A97-4D0D-35D2-AEFC-2F8A0194A5A5}
		{8A6A4B3C-BB54-313C-8477-88F6EF42A632} = {8A6A4B3C-BB54-313C-8477-88F6EF42A632}
	EndProjectSection
EndProject
Project("{8BC9CEB8-8B4A-11D0-8D11-00A0C91BC942}") = "textures_image_loading", "examples\textures_image_loading.vcxproj", "{8E61DF79-F1B0-31A8-AAE2-C444B092F37B}"
	ProjectSection(ProjectDependencies) = postProject
		{F77823F1-9474-3889-8AD7-07E71F01216C} = {F77823F1-9474-3889-8AD7-07E71F01216C}
		{F5359A97-4D0D-35D2-AEFC-2F8A0194A5A5} = {F5359A97-4D0D-35D2-AEFC-2F8A0194A5A5}
		{8A6A4B3C-BB54-313C-8477-88F6EF42A632} = {8A6A4B3C-BB54-313C-8477-88F6EF42A632}
	EndProjectSection
EndProject
Project("{8BC9CEB8-8B4A-11D0-8D11-00A0C91BC942}") = "uninstall", "_deps\raylib-build\uninstall.vcxproj", "{13990731-6289-3F07-B253-E653A02A6033}"
	ProjectSection(ProjectDependencies) = postProject
		{F77823F1-9474-3889-8AD7-07E71F01216C} = {F77823F1-9474-3889-8AD7-07E71F01216C}
	EndProjectSection
EndProject
Project("{8BC9CEB8-8B4A-11D0-8D11-00A0C91BC942}") = "update_mappings", "_deps\raylib-build\raylib\external\glfw\src\update_mappings.vcxproj", "{E3682298-90A2-312E-B847-61419B01882B}"
	ProjectSection(ProjectDependencies) = postProject
		{F77823F1-9474-3889-8AD7-07E71F01216C} = {F77823F1-9474-3889-8AD7-07E71F01216C}
	EndProjectSection
EndProject
Global
	GlobalSection(SolutionConfigurationPlatforms) = preSolution
		Debug|x64 = Debug|x64
		Release|x64 = Release|x64
		MinSizeRel|x64 = MinSizeRel|x64
		RelWithDebInfo|x64 = RelWithDebInfo|x64
	EndGlobalSection
	GlobalSection(ProjectConfigurationPlatforms) = postSolution
		{6C160390-8149-3C60-A40A-354CDF2AD3C5}.Debug|x64.ActiveCfg = Debug|x64
		{6C160390-8149-3C60-A40A-354CDF2AD3C5}.Debug|x64.Build.0 = Debug|x64
		{6C160390-8149-3C60-A40A-354CDF2AD3C5}.Release|x64.ActiveCfg = Release|x64
		{6C160390-8149-3C60-A40A-354CDF2AD3C5}.Release|x64.Build.0 = Release|x64
		{6C160390-8149-3C60-A40A-354CDF2AD3C5}.MinSizeRel|x64.ActiveCfg = MinSizeRel|x64
		{6C160390-8149-3C60-A40A-354CDF2AD3C5}.MinSizeRel|x64.Build.0 = MinSizeRel|x64
		{6C160390-8149-3C60-A40A-354CDF2AD3C5}.RelWithDebInfo|x64.ActiveCfg = RelWithDebInfo|x64
		{6C160390-8149-3C60-A40A-354CDF2AD3C5}.RelWithDebInfo|x64.Build.0 = RelWithDebInfo|x64
		{0DF322F2-3424-3E82-A540-EC77AB10E342}.Debug|x64.ActiveCfg = Debug|x64
		{0DF322F2-3424-3E82-A540-EC77AB10E342}.Release|x64.ActiveCfg = Release|x64
		{0DF322F2-3424-3E82-A540-EC77AB10E342}.MinSizeRel|x64.ActiveCfg = MinSizeRel|x64
		{0DF322F2-3424-3E82-A540-EC77AB10E342}.RelWithDebInfo|x64.ActiveCfg = RelWithDebInfo|x64
		{ACCBE556-3C54-3462-95FA-FBCC0023BBD4}.Debug|x64.ActiveCfg = Debug|x64
		{ACCBE556-3C54-3462-95FA-FBCC0023BBD4}.Release|x64.ActiveCfg = Release|x64
		{ACCBE556-3C54-3462-95FA-FBCC0023BBD4}.MinSizeRel|x64.ActiveCfg = MinSizeRel|x64
		{ACCBE556-3C54-3462-95FA-FBCC0023BBD4}.RelWithDebInfo|x64.ActiveCfg = RelWithDebInfo|x64
		{E8352839-DD44-335D-9501-CBA35CD9216C}.Debug|x64.ActiveCfg = Debug|x64
		{E8352839-DD44-335D-9501-CBA35CD9216C}.Release|x64.ActiveCfg = Release|x64
		{E8352839-DD44-335D-9501-CBA35CD9216C}.MinSizeRel|x64.ActiveCfg = MinSizeRel|x64
		{E8352839-DD44-335D-9501-CBA35CD9216C}.RelWithDebInfo|x64.ActiveCfg = RelWithDebInfo|x64
		{C9FF7112-013B-398B-BB8D-0AE308BEB46E}.Debug|x64.ActiveCfg = Debug|x64
		{C9FF7112-013B-398B-BB8D-0AE308BEB46E}.Release|x64.ActiveCfg = Release|x64
		{C9FF7112-013B-398B-BB8D-0AE308BEB46E}.MinSizeRel|x64.ActiveCfg = MinSizeRel|x64
		{C9FF7112-013B-398B-BB8D-0AE308BEB46E}.RelWithDebInfo|x64.ActiveCfg = RelWithDebInfo|x64
		{13904DE8-0E3E-3A75-AFCA-0D42BC910BDD}.Debug|x64.ActiveCfg = Debug|x64
		{13904DE8-0E3E-3A75-AFCA-0D42BC910BDD}.Release|x64.ActiveCfg = Release|x64
		{13904DE8-0E3E-3A75-AFCA-0D42BC910BDD}.MinSizeRel|x64.ActiveCfg = MinSizeRel|x64
		{13904DE8-0E3E-3A75-AFCA-0D42BC910BDD}.RelWithDebInfo|x64.ActiveCfg = RelWithDebInfo|x64
		{0C46F80C-BFCB-372E-B1A2-C9190BE729DE}.Debug|x64.ActiveCfg = Debug|x64
		{0C46F80C-BFCB-372E-B1A2-C9190BE729DE}.Release|x64.ActiveCfg = Release|x64
		{0C46F80C-BFCB-372E-B1A2-C9190BE729DE}.MinSizeRel|x64.ActiveCfg = MinSizeRel|x64
		{0C46F80C-BFCB-372E-B1A2-C9190BE729DE}.RelWithDebInfo|x64.ActiveCfg = RelWithDebInfo|x64
		{72133794-A4F0-34D9-B364-7EC10131AECF}.Debug|x64.ActiveCfg = Debug|x64
		{72133794-A4F0-34D9-B364-7EC10131AECF}.Release|x64.ActiveCfg = Release|x64
		{72133794-A4F0-34D9-B364-7EC10131AECF}.MinSizeRel|x64.ActiveCfg = MinSizeRel|x64
		{72133794-A4F0-34D9-B364-7EC10131AECF}.RelWithDebInfo|x64.ActiveCfg = RelWithDebInfo|x64
		{F77823F1-9474-3889-8AD7-07E71F01216C}.Debug|x64.ActiveCfg = Debug|x64
		{F77823F1-9474-3889-8AD7-07E71F01216C}.Debug|x64.Build.0 = Debug|x64
		{F77823F1-9474-3889-8AD7-07E71F01216C}.Release|x64.ActiveCfg = Release|x64
		{F77823F1-9474-3889-8AD7-07E71F01216C}.Release|x64.Build.0 = Release|x64
		{F77823F1-9474-3889-8AD7-07E71F01216C}.MinSizeRel|x64.ActiveCfg = MinSizeRel|x64
		{F77823F1-9474-3889-8AD7-07E71F01216C}.MinSizeRel|x64.Build.0 = MinSizeRel|x64
		{F77823F1-9474-3889-8AD7-07E71F01216C}.RelWithDebInfo|x64.ActiveCfg = RelWithDebInfo|x64
		{F77823F1-9474-3889-8AD7-07E71F01216C}.RelWithDebInfo|x64.Build.0 = RelWithDebInfo|x64
		{8D9FCF0E-1857-37B6-AEEE-E6710485AA55}.Debug|x64.ActiveCfg = Debug|x64
		{8D9FCF0E-1857-37B6-AEEE-E6710485AA55}.Debug|x64.Build.0 = Debug|x64
		{8D9FCF0E-1857-37B6-AEEE-E6710485AA55}.Release|x64.ActiveCfg = Release|x64
		{8D9FCF0E-1857-37B6-AEEE-E6710485AA55}.Release|x64.Build.0 = Release|x64
		{8D9FCF0E-1857-37B6-AEEE-E6710485AA55}.MinSizeRel|x64.ActiveCfg = MinSizeRel|x64
		{8D9FCF0E-1857-37B6-AEEE-E6710485AA55}.MinSizeRel|x64.Build.0 = MinSizeRel|x64
		{8D9FCF0E-1857-37B6-AEEE-E6710485AA55}.RelWithDebInfo|x64.ActiveCfg = RelWithDebInfo|x64
		{8D9FCF0E-1857-37B6-AEEE-E6710485AA55}.RelWithDebInfo|x64.Build.0 = RelWithDebInfo|x64
		{CBB7F74A-CCCB-33F5-83D1-9F6499449184}.Debug|x64.ActiveCfg = Debug|x64
		{CBB7F74A-CCCB-33F5-83D1-9F6499449184}.Debug|x64.Build.0 = Debug|x64
		{CBB7F74A-CCCB-33F5-83D1-9F6499449184}.Release|x64.ActiveCfg = Release|x64
		{CBB7F74A-CCCB-33F5-83D1-9F6499449184}.Release|x64.Build.0 = Release|x64
		{CBB7F74A-CCCB-33F5-83D1-9F6499449184}.MinSizeRel|x64.ActiveCfg = MinSizeRel|x64
		{CBB7F74A-CCCB-33F5-83D1-9F6499449184}.MinSizeRel|x64.Build.0 = MinSizeRel|x64
		{CBB7F74A-CCCB-33F5-83D1-9F6499449184}.RelWithDebInfo|x64.ActiveCfg = RelWithDebInfo|x64
		{CBB7F74A-CCCB-33F5-83D1-9F6499449184}.RelWithDebInfo|x64.Build.0 = RelWithDebInfo|x64
		{B2EFD3DB-EEF7-3088-9055-10E30C99EA13}.Debug|x64.ActiveCfg = Debug|x64
		{B2EFD3DB-EEF7-3088-9055-10E30C99EA13}.Debug|x64.Build.0 = Debug|x64
		{B2EFD3DB-EEF7-3088-9055-10E30C99EA13}.Release|x64.ActiveCfg = Release|x64
		{B2EFD3DB-EEF7-3088-9055-10E30C99EA13}.Release|x64.Build.0 = Release|x64
		{B2EFD3DB-EEF7-3088-9055-10E30C99EA13}.MinSizeRel|x64.ActiveCfg = MinSizeRel|x64
		{B2EFD3DB-EEF7-3088-9055-10E30C99EA13}.MinSizeRel|x64.Build.0 = MinSizeRel|x64
		{B2EFD3DB-EEF7-3088-9055-10E30C99EA13}.RelWithDebInfo|x64.ActiveCfg = RelWithDebInfo|x64
		{B2EFD3DB-EEF7-3088-9055-10E30C99EA13}.RelWithDebInfo|x64.Build.0 = RelWithDebInfo|x64
		{3D95ABD2-B429-34FF-ACD9-DDF201382583}.Debug|x64.ActiveCfg = Debug|x64
		{3D95ABD2-B429-34FF-ACD9-DDF201382583}.Debug|x64.Build.0 = Debug|x64
		{3D95ABD2-B429-34FF-ACD9-DDF201382583}.Release|x64.ActiveCfg = Release|x64
		{3D95ABD2-B429-34FF-ACD9-DDF201382583}.Release|x64.Build.0 = Release|x64
		{3D95ABD2-B429-34FF-ACD9-DDF201382583}.MinSizeRel|x64.ActiveCfg = MinSizeRel|x64
		{3D95ABD2-B429-34FF-ACD9-DDF201382583}.MinSizeRel|x64.Build.0 = MinSizeRel|x64
		{3D95ABD2-B429-34FF-ACD9-DDF201382583}.RelWithDebInfo|x64.ActiveCfg = RelWithDebInfo|x64
		{3D95ABD2-B429-34FF-ACD9-DDF201382583}.RelWithDebInfo|x64.Build.0 = RelWithDebInfo|x64
		{09F3D879-8CAB-3539-A328-1A816B28E21F}.Debug|x64.ActiveCfg = Debug|x64
		{09F3D879-8CAB-3539-A328-1A816B28E21F}.Debug|x64.Build.0 = Debug|x64
		{09F3D879-8CAB-3539-A328-1A816B28E21F}.Release|x64.ActiveCfg = Release|x64
		{09F3D879-8CAB-3539-A328-1A816B28E21F}.Release|x64.Build.0 = Release|x64
		{09F3D879-8CAB-3539-A328-1A816B28E21F}.MinSizeRel|x64.ActiveCfg = MinSizeRel|x64
		{09F3D879-8CAB-3539-A328-1A816B28E21F}.MinSizeRel|x64.Build.0 = MinSizeRel|x64
		{09F3D879-8CAB-3539-A328-1A816B28E21F}.RelWithDebInfo|x64.ActiveCfg = RelWithDebInfo|x64
		{09F3D879-8CAB-3539-A328-1A816B28E21F}.RelWithDebInfo|x64.Build.0 = RelWithDebInfo|x64
		{7973425E-B397-3AD1-B835-AFA873A2F969}.Debug|x64.ActiveCfg = Debug|x64
		{7973425E-B397-3AD1-B835-AFA873A2F969}.Debug|x64.Build.0 = Debug|x64
		{7973425E-B397-3AD1-B835-AFA873A2F969}.Release|x64.ActiveCfg = Release|x64
		{7973425E-B397-3AD1-B835-AFA873A2F969}.Release|x64.Build.0 = Release|x64
		{7973425E-B397-3AD1-B835-AFA873A2F969}.MinSizeRel|x64.ActiveCfg = MinSizeRel|x64
		{7973425E-B397-3AD1-B835-AFA873A2F969}.MinSizeRel|x64.Build.0 = MinSizeRel|x64
		{7973425E-B397-3AD1-B835-AFA873A2F969}.RelWithDebInfo|x64.ActiveCfg = RelWithDebInfo|x64
		{7973425E-B397-3AD1-B835-AFA873A2F969}.RelWithDebInfo|x64.Build.0 = RelWithDebInfo|x64
		{CD2FA265-8578-3EC1-9674-7E4D63EAC168}.Debug|x64.ActiveCfg = Debug|x64
		{CD2FA265-8578-3EC1-9674-7E4D63EAC168}.Debug|x64.Build.0 = Debug|x64
		{CD2FA265-8578-3EC1-9674-7E4D63EAC168}.Release|x64.ActiveCfg = Release|x64
		{CD2FA265-8578-3EC1-9674-7E4D63EAC168}.Release|x64.Build.0 = Release|x64
		{CD2FA265-8578-3EC1-9674-7E4D63EAC168}.MinSizeRel|x64.ActiveCfg = MinSizeRel|x64
		{CD2FA265-8578-3EC1-9674-7E4D63EAC168}.MinSizeRel|x64.Build.0 = MinSizeRel|x64
		{CD2FA265-8578-3EC1-9674-7E4D63EAC168}.RelWithDebInfo|x64.ActiveCfg = RelWithDebInfo|x64
		{CD2FA265-8578-3EC1-9674-7E4D63EAC168}.RelWithDebInfo|x64.Build.0 = RelWithDebInfo|x64
		{9C301826-BF29-3F2D-A92F-3711E846D1F4}.Debug|x64.ActiveCfg = Debug|x64
		{9C301826-BF29-3F2D-A92F-3711E846D1F4}.Debug|x64.Build.0 = Debug|x64
		{9C301826-BF29-3F2D-A92F-3711E846D1F4}.Release|x64.ActiveCfg = Release|x64
		{9C301826-BF29-3F2D-A92F-3711E846D1F4}.Release|x64.Build.0 = Release|x64
		{9C301826-BF29-3F2D-A92F-3711E846D1F4}.MinSizeRel|x64.ActiveCfg = MinSizeRel|x64
		{9C301826-BF29-3F2D-A92F-3711E846D1F4}.MinSizeRel|x64.Build.0 = MinSizeRel|x64
		{9C301826-BF29-3F2D-A92F-3711E846D1F4}.RelWithDebInfo|x64.ActiveCfg = RelWithDebInfo|x64
		{9C301826-BF29-3F2D-A92F-3711E846D1F4}.RelWithDebInfo|x64.Build.0 = RelWithDebInfo|x64
		{C7632ADC-F5DE-343B-9D18-FFFF62BF1A8D}.Debug|x64.ActiveCfg = Debug|x64
		{C7632ADC-F5DE-343B-9D18-FFFF62BF1A8D}.Debug|x64.Build.0 = Debug|x64
		{C7632ADC-F5DE-343B-9D18-FFFF62BF1A8D}.Release|x64.ActiveCfg = Release|x64
		{C7632ADC-F5DE-343B-9D18-FFFF62BF1A8D}.Release|x64.Build.0 = Release|x64
		{C7632ADC-F5DE-343B-9D18-FFFF62BF1A8D}.MinSizeRel|x64.ActiveCfg = MinSizeRel|x64
		{C7632ADC-F5DE-343B-9D18-FFFF62BF1A8D}.MinSizeRel|x64.Build.0 = MinSizeRel|x64
		{C7632ADC-F5DE-343B-9D18-FFFF62BF1A8D}.RelWithDebInfo|x64.ActiveCfg = RelWithDebInfo|x64
		{C7632ADC-F5DE-343B-9D18-FFFF62BF1A8D}.RelWithDebInfo|x64.Build.0 = RelWithDebInfo|x64
		{B8D5368D-5EEC-3993-8BEB-61887B6FF35F}.Debug|x64.ActiveCfg = Debug|x64
		{B8D5368D-5EEC-3993-8BEB-61887B6FF35F}.Debug|x64.Build.0 = Debug|x64
		{B8D5368D-5EEC-3993-8BEB-61887B6FF35F}.Release|x64.ActiveCfg = Release|x64
		{B8D5368D-5EEC-3993-8BEB-61887B6FF35F}.Release|x64.Build.0 = Release|x64
		{B8D5368D-5EEC-3993-8BEB-61887B6FF35F}.MinSizeRel|x64.ActiveCfg = MinSizeRel|x64
		{B8D5368D-5EEC-3993-8BEB-61887B6FF35F}.MinSizeRel|x64.Build.0 = MinSizeRel|x64
		{B8D5368D-5EEC-3993-8BEB-61887B6FF35F}.RelWithDebInfo|x64.ActiveCfg = RelWithDebInfo|x64
		{B8D5368D-5EEC-3993-8BEB-61887B6FF35F}.RelWithDebInfo|x64.Build.0 = RelWithDebInfo|x64
		{F5359A97-4D0D-35D2-AEFC-2F8A0194A5A5}.Debug|x64.ActiveCfg = Debug|x64
		{F5359A97-4D0D-35D2-AEFC-2F8A0194A5A5}.Debug|x64.Build.0 = Debug|x64
		{F5359A97-4D0D-35D2-AEFC-2F8A0194A5A5}.Release|x64.ActiveCfg = Release|x64
		{F5359A97-4D0D-35D2-AEFC-2F8A0194A5A5}.Release|x64.Build.0 = Release|x64
		{F5359A97-4D0D-35D2-AEFC-2F8A0194A5A5}.MinSizeRel|x64.ActiveCfg = MinSizeRel|x64
		{F5359A97-4D0D-35D2-AEFC-2F8A0194A5A5}.MinSizeRel|x64.Build.0 = MinSizeRel|x64
		{F5359A97-4D0D-35D2-AEFC-2F8A0194A5A5}.RelWithDebInfo|x64.ActiveCfg = RelWithDebInfo|x64
		{F5359A97-4D0D-35D2-AEFC-2F8A0194A5A5}.RelWithDebInfo|x64.Build.0 = RelWithDebInfo|x64
		{FB86FB1F-C11F-3B32-8BC5-4A8DE302ED5D}.Debug|x64.ActiveCfg = Debug|x64
		{FB86FB1F-C11F-3B32-8BC5-4A8DE302ED5D}.Debug|x64.Build.0 = Debug|x64
		{FB86FB1F-C11F-3B32-8BC5-4A8DE302ED5D}.Release|x64.ActiveCfg = Release|x64
		{FB86FB1F-C11F-3B32-8BC5-4A8DE302ED5D}.Release|x64.Build.0 = Release|x64
		{FB86FB1F-C11F-3B32-8BC5-4A8DE302ED5D}.MinSizeRel|x64.ActiveCfg = MinSizeRel|x64
		{FB86FB1F-C11F-3B32-8BC5-4A8DE302ED5D}.MinSizeRel|x64.Build.0 = MinSizeRel|x64
		{FB86FB1F-C11F-3B32-8BC5-4A8DE302ED5D}.RelWithDebInfo|x64.ActiveCfg = RelWithDebInfo|x64
		{FB86FB1F-C11F-3B32-8BC5-4A8DE302ED5D}.RelWithDebInfo|x64.Build.0 = RelWithDebInfo|x64
		{0E55CC7F-FB19-394A-9268-3E7049C54A72}.Debug|x64.ActiveCfg = Debug|x64
		{0E55CC7F-FB19-394A-9268-3E7049C54A72}.Debug|x64.Build.0 = Debug|x64
		{0E55CC7F-FB19-394A-9268-3E7049C54A72}.Release|x64.ActiveCfg = Release|x64
		{0E55CC7F-FB19-394A-9268-3E7049C54A72}.Release|x64.Build.0 = Release|x64
		{0E55CC7F-FB19-394A-9268-3E7049C54A72}.MinSizeRel|x64.ActiveCfg = MinSizeRel|x64
		{0E55CC7F-FB19-394A-9268-3E7049C54A72}.MinSizeRel|x64.Build.0 = MinSizeRel|x64
		{0E55CC7F-FB19-394A-9268-3E7049C54A72}.RelWithDebInfo|x64.ActiveCfg = RelWithDebInfo|x64
		{0E55CC7F-FB19-394A-9268-3E7049C54A72}.RelWithDebInfo|x64.Build.0 = RelWithDebInfo|x64
		{48BCF9FE-C883-32A2-B238-CBC4EE634986}.Debug|x64.ActiveCfg = Debug|x64
		{48BCF9FE-C883-32A2-B238-CBC4EE634986}.Debug|x64.Build.0 = Debug|x64
		{48BCF9FE-C883-32A2-B238-CBC4EE634986}.Release|x64.ActiveCfg = Release|x64
		{48BCF9FE-C883-32A2-B238-CBC4EE634986}.Release|x64.Build.0 = Release|x64
		{48BCF9FE-C883-32A2-B238-CBC4EE634986}.MinSizeRel|x64.ActiveCfg = MinSizeRel|x64
		{48BCF9FE-C883-32A2-B238-CBC4EE634986}.MinSizeRel|x64.Build.0 = MinSizeRel|x64
		{48BCF9FE-C883-32A2-B238-CBC4EE634986}.RelWithDebInfo|x64.ActiveCfg = RelWithDebInfo|x64
		{48BCF9FE-C883-32A2-B238-CBC4EE634986}.RelWithDebInfo|x64.Build.0 = RelWithDebInfo|x64
		{8A6A4B3C-BB54-313C-8477-88F6EF42A632}.Debug|x64.ActiveCfg = Debug|x64
		{8A6A4B3C-BB54-313C-8477-88F6EF42A632}.Debug|x64.Build.0 = Debug|x64
		{8A6A4B3C-BB54-313C-8477-88F6EF42A632}.Release|x64.ActiveCfg = Release|x64
		{8A6A4B3C-BB54-313C-8477-88F6EF42A632}.Release|x64.Build.0 = Release|x64
		{8A6A4B3C-BB54-313C-8477-88F6EF42A632}.MinSizeRel|x64.ActiveCfg = MinSizeRel|x64
		{8A6A4B3C-BB54-313C-8477-88F6EF42A632}.MinSizeRel|x64.Build.0 = MinSizeRel|x64
		{8A6A4B3C-BB54-313C-8477-88F6EF42A632}.RelWithDebInfo|x64.ActiveCfg = RelWithDebInfo|x64
		{8A6A4B3C-BB54-313C-8477-88F6EF42A632}.RelWithDebInfo|x64.Build.0 = RelWithDebInfo|x64
		{81A6518E-C78E-3AE8-BBD1-49719AC947B2}.Debug|x64.ActiveCfg = Debug|x64
		{81A6518E-C78E-3AE8-BBD1-49719AC947B2}.Debug|x64.Build.0 = Debug|x64
		{81A6518E-C78E-3AE8-BBD1-49719AC947B2}.Release|x64.ActiveCfg = Release|x64
		{81A6518E-C78E-3AE8-BBD1-49719AC947B2}.Release|x64.Build.0 = Release|x64
		{81A6518E-C78E-3AE8-BBD1-49719AC947B2}.MinSizeRel|x64.ActiveCfg = MinSizeRel|x64
		{81A6518E-C78E-3AE8-BBD1-49719AC947B2}.MinSizeRel|x64.Build.0 = MinSizeRel|x64
		{81A6518E-C78E-3AE8-BBD1-49719AC947B2}.RelWithDebInfo|x64.ActiveCfg = RelWithDebInfo|x64
		{81A6518E-C78E-3AE8-BBD1-49719AC947B2}.RelWithDebInfo|x64.Build.0 = RelWithDebInfo|x64
		{A14004B8-10FF-37E4-992B-28B826CB6181}.Debug|x64.ActiveCfg = Debug|x64
		{A14004B8-10FF-37E4-992B-28B826CB6181}.Debug|x64.Build.0 = Debug|x64
		{A14004B8-10FF-37E4-992B-28B826CB6181}.Release|x64.ActiveCfg = Release|x64
		{A14004B8-10FF-37E4-992B-28B826CB6181}.Release|x64.Build.0 = Release|x64
		{A14004B8-10FF-37E4-992B-28B826CB6181}.MinSizeRel|x64.ActiveCfg = MinSizeRel|x64
		{A14004B8-10FF-37E4-992B-28B826CB6181}.MinSizeRel|x64.Build.0 = MinSizeRel|x64
		{A14004B8-10FF-37E4-992B-28B826CB6181}.RelWithDebInfo|x64.ActiveCfg = RelWithDebInfo|x64
		{A14004B8-10FF-37E4-992B-28B826CB6181}.RelWithDebInfo|x64.Build.0 = RelWithDebInfo|x64
		{3D2D34CD-52BC-3F7A-A8A0-67E55455C937}.Debug|x64.ActiveCfg = Debug|x64
		{3D2D34CD-52BC-3F7A-A8A0-67E55455C937}.Debug|x64.Build.0 = Debug|x64
		{3D2D34CD-52BC-3F7A-A8A0-67E55455C937}.Release|x64.ActiveCfg = Release|x64
		{3D2D34CD-52BC-3F7A-A8A0-67E55455C937}.Release|x64.Build.0 = Release|x64
		{3D2D34CD-52BC-3F7A-A8A0-67E55455C937}.MinSizeRel|x64.ActiveCfg = MinSizeRel|x64
		{3D2D34CD-52BC-3F7A-A8A0-67E55455C937}.MinSizeRel|x64.Build.0 = MinSizeRel|x64
		{3D2D34CD-52BC-3F7A-A8A0-67E55455C937}.RelWithDebInfo|x64.ActiveCfg = RelWithDebInfo|x64
		{3D2D34CD-52BC-3F7A-A8A0-67E55455C937}.RelWithDebInfo|x64.Build.0 = RelWithDebInfo|x64
		{FDDAE59F-090D-3E06-A5FD-6839BEDE8957}.Debug|x64.ActiveCfg = Debug|x64
		{FDDAE59F-090D-3E06-A5FD-6839BEDE8957}.Debug|x64.Build.0 = Debug|x64
		{FDDAE59F-090D-3E06-A5FD-6839BEDE8957}.Release|x64.ActiveCfg = Release|x64
		{FDDAE59F-090D-3E06-A5FD-6839BEDE8957}.Release|x64.Build.0 = Release|x64
		{FDDAE59F-090D-3E06-A5FD-6839BEDE8957}.MinSizeRel|x64.ActiveCfg = MinSizeRel|x64
		{FDDAE59F-090D-3E06-A5FD-6839BEDE8957}.MinSizeRel|x64.Build.0 = MinSizeRel|x64
		{FDDAE59F-090D-3E06-A5FD-6839BEDE8957}.RelWithDebInfo|x64.ActiveCfg = RelWithDebInfo|x64
		{FDDAE59F-090D-3E06-A5FD-6839BEDE8957}.RelWithDebInfo|x64.Build.0 = RelWithDebInfo|x64
		{3C431606-6884-3751-8D9D-D87C3D5CC198}.Debug|x64.ActiveCfg = Debug|x64
		{3C431606-6884-3751-8D9D-D87C3D5CC198}.Debug|x64.Build.0 = Debug|x64
		{3C431606-6884-3751-8D9D-D87C3D5CC198}.Release|x64.ActiveCfg = Release|x64
		{3C431606-6884-3751-8D9D-D87C3D5CC198}.Release|x64.Build.0 = Release|x64
		{3C431606-6884-3751-8D9D-D87C3D5CC198}.MinSizeRel|x64.ActiveCfg = MinSizeRel|x64
		{3C431606-6884-3751-8D9D-D87C3D5CC198}.MinSizeRel|x64.Build.0 = MinSizeRel|x64
		{3C431606-6884-3751-8D9D-D87C3D5CC198}.RelWithDebInfo|x64.ActiveCfg = RelWithDebInfo|x64
		{3C431606-6884-3751-8D9D-D87C3D5CC198}.RelWithDebInfo|x64.Build.0 = RelWithDebInfo|x64
		{0514F089-9EF1-3E99-B7A1-4DB6417F8D38}.Debug|x64.ActiveCfg = Debug|x64
		{0514F089-9EF1-3E99-B7A1-4DB6417F8D38}.Debug|x64.Build.0 = Debug|x64
		{0514F089-9EF1-3E99-B7A1-4DB6417F8D38}.Release|x64.ActiveCfg = Release|x64
		{0514F089-9EF1-3E99-B7A1-4DB6417F8D38}.Release|x64.Build.0 = Release|x64
		{0514F089-9EF1-3E99-B7A1-4DB6417F8D38}.MinSizeRel|x64.ActiveCfg = MinSizeRel|x64
		{0514F089-9EF1-3E99-B7A1-4DB6417F8D38}.MinSizeRel|x64.Build.0 = MinSizeRel|x64
		{0514F089-9EF1-3E99-B7A1-4DB6417F8D38}.RelWithDebInfo|x64.ActiveCfg = RelWithDebInfo|x64
		{0514F089-9EF1-3E99-B7A1-4DB6417F8D38}.RelWithDebInfo|x64.Build.0 = RelWithDebInfo|x64
		{061F3198-0649-3DAE-BD75-ABCE827CC08E}.Debug|x64.ActiveCfg = Debug|x64
		{061F3198-0649-3DAE-BD75-ABCE827CC08E}.Debug|x64.Build.0 = Debug|x64
		{061F3198-0649-3DAE-BD75-ABCE827CC08E}.Release|x64.ActiveCfg = Release|x64
		{061F3198-0649-3DAE-BD75-ABCE827CC08E}.Release|x64.Build.0 = Release|x64
		{061F3198-0649-3DAE-BD75-ABCE827CC08E}.MinSizeRel|x64.ActiveCfg = MinSizeRel|x64
		{061F3198-0649-3DAE-BD75-ABCE827CC08E}.MinSizeRel|x64.Build.0 = MinSizeRel|x64
		{061F3198-0649-3DAE-BD75-ABCE827CC08E}.RelWithDebInfo|x64.ActiveCfg = RelWithDebInfo|x64
		{061F3198-0649-3DAE-BD75-ABCE827CC08E}.RelWithDebInfo|x64.Build.0 = RelWithDebInfo|x64
		{9FBA1488-83D9-3A0B-A8DA-AF3FCA579787}.Debug|x64.ActiveCfg = Debug|x64
		{9FBA1488-83D9-3A0B-A8DA-AF3FCA579787}.Debug|x64.Build.0 = Debug|x64
		{9FBA1488-83D9-3A0B-A8DA-AF3FCA579787}.Release|x64.ActiveCfg = Release|x64
		{9FBA1488-83D9-3A0B-A8DA-AF3FCA579787}.Release|x64.Build.0 = Release|x64
		{9FBA1488-83D9-3A0B-A8DA-AF3FCA579787}.MinSizeRel|x64.ActiveCfg = MinSizeRel|x64
		{9FBA1488-83D9-3A0B-A8DA-AF3FCA579787}.MinSizeRel|x64.Build.0 = MinSizeRel|x64
		{9FBA1488-83D9-3A0B-A8DA-AF3FCA579787}.RelWithDebInfo|x64.ActiveCfg = RelWithDebInfo|x64
		{9FBA1488-83D9-3A0B-A8DA-AF3FCA579787}.RelWithDebInfo|x64.Build.0 = RelWithDebInfo|x64
		{7D209663-511E-302D-AAFA-9A866A67CC39}.Debug|x64.ActiveCfg = Debug|x64
		{7D209663-511E-302D-AAFA-9A866A67CC39}.Debug|x64.Build.0 = Debug|x64
		{7D209663-511E-302D-AAFA-9A866A67CC39}.Release|x64.ActiveCfg = Release|x64
		{7D209663-511E-302D-AAFA-9A866A67CC39}.Release|x64.Build.0 = Release|x64
		{7D209663-511E-302D-AAFA-9A866A67CC39}.MinSizeRel|x64.ActiveCfg = MinSizeRel|x64
		{7D209663-511E-302D-AAFA-9A866A67CC39}.MinSizeRel|x64.Build.0 = MinSizeRel|x64
		{7D209663-511E-302D-AAFA-9A866A67CC39}.RelWithDebInfo|x64.ActiveCfg = RelWithDebInfo|x64
		{7D209663-511E-302D-AAFA-9A866A67CC39}.RelWithDebInfo|x64.Build.0 = RelWithDebInfo|x64
		{6F32781F-21AA-3B8B-9AE0-D8C6965ECEC8}.Debug|x64.ActiveCfg = Debug|x64
		{6F32781F-21AA-3B8B-9AE0-D8C6965ECEC8}.Debug|x64.Build.0 = Debug|x64
		{6F32781F-21AA-3B8B-9AE0-D8C6965ECEC8}.Release|x64.ActiveCfg = Release|x64
		{6F32781F-21AA-3B8B-9AE0-D8C6965ECEC8}.Release|x64.Build.0 = Release|x64
		{6F32781F-21AA-3B8B-9AE0-D8C6965ECEC8}.MinSizeRel|x64.ActiveCfg = MinSizeRel|x64
		{6F32781F-21AA-3B8B-9AE0-D8C6965ECEC8}.MinSizeRel|x64.Build.0 = MinSizeRel|x64
		{6F32781F-21AA-3B8B-9AE0-D8C6965ECEC8}.RelWithDebInfo|x64.ActiveCfg = RelWithDebInfo|x64
		{6F32781F-21AA-3B8B-9AE0-D8C6965ECEC8}.RelWithDebInfo|x64.Build.0 = RelWithDebInfo|x64
		{8E61DF79-F1B0-31A8-AAE2-C444B092F37B}.Debug|x64.ActiveCfg = Debug|x64
		{8E61DF79-F1B0-31A8-AAE2-C444B092F37B}.Debug|x64.Build.0 = Debug|x64
		{8E61DF79-F1B0-31A8-AAE2-C444B092F37B}.Release|x64.ActiveCfg = Release|x64
		{8E61DF79-F1B0-31A8-AAE2-C444B092F37B}.Release|x64.Build.0 = Release|x64
		{8E61DF79-F1B0-31A8-AAE2-C444B092F37B}.MinSizeRel|x64.ActiveCfg = MinSizeRel|x64
		{8E61DF79-F1B0-31A8-AAE2-C444B092F37B}.MinSizeRel|x64.Build.0 = MinSizeRel|x64
		{8E61DF79-F1B0-31A8-AAE2-C444B092F37B}.RelWithDebInfo|x64.ActiveCfg = RelWithDebInfo|x64
		{8E61DF79-F1B0-31A8-AAE2-C444B092F37B}.RelWithDebInfo|x64.Build.0 = RelWithDebInfo|x64
		{13990731-6289-3F07-B253-E653A02A6033}.Debug|x64.ActiveCfg = Debug|x64
		{13990731-6289-3F07-B253-E653A02A6033}.Release|x64.ActiveCfg = Release|x64
		{13990731-6289-3F07-B253-E653A02A6033}.MinSizeRel|x64.ActiveCfg = MinSizeRel|x64
		{13990731-6289-3F07-B253-E653A02A6033}.RelWithDebInfo|x64.ActiveCfg = RelWithDebInfo|x64
		{E3682298-90A2-312E-B847-61419B01882B}.Debug|x64.ActiveCfg = Debug|x64
		{E3682298-90A2-312E-B847-61419B01882B}.Release|x64.ActiveCfg = Release|x64
		{E3682298-90A2-312E-B847-61419B01882B}.MinSizeRel|x64.ActiveCfg = MinSizeRel|x64
		{E3682298-90A2-312E-B847-61419B01882B}.RelWithDebInfo|x64.ActiveCfg = RelWithDebInfo|x64
	EndGlobalSection
	GlobalSection(NestedProjects) = preSolution
		{6C160390-8149-3C60-A40A-354CDF2AD3C5} = {0C11D039-3CE1-3263-BBF5-A0CD7BD2DF9C}
		{E8352839-DD44-335D-9501-CBA35CD9216C} = {0C11D039-3CE1-3263-BBF5-A0CD7BD2DF9C}
		{0C46F80C-BFCB-372E-B1A2-C9190BE729DE} = {0C11D039-3CE1-3263-BBF5-A0CD7BD2DF9C}
		{72133794-A4F0-34D9-B364-7EC10131AECF} = {0C11D039-3CE1-3263-BBF5-A0CD7BD2DF9C}
		{F77823F1-9474-3889-8AD7-07E71F01216C} = {0C11D039-3CE1-3263-BBF5-A0CD7BD2DF9C}
		{0DF322F2-3424-3E82-A540-EC77AB10E342} = {4F6E37E7-1654-32AE-A599-593FE49B877C}
		{ACCBE556-3C54-3462-95FA-FBCC0023BBD4} = {4F6E37E7-1654-32AE-A599-593FE49B877C}
		{C9FF7112-013B-398B-BB8D-0AE308BEB46E} = {4F6E37E7-1654-32AE-A599-593FE49B877C}
		{13904DE8-0E3E-3A75-AFCA-0D42BC910BDD} = {4F6E37E7-1654-32AE-A599-593FE49B877C}
		{F5359A97-4D0D-35D2-AEFC-2F8A0194A5A5} = {03CCAE04-B8CF-39BD-B2F4-FC3BE50FBD29}
		{E3682298-90A2-312E-B847-61419B01882B} = {03CCAE04-B8CF-39BD-B2F4-FC3BE50FBD29}
	EndGlobalSection
	GlobalSection(ExtensibilityGlobals) = postSolution
		SolutionGuid = {463BCEDA-E9AD-3C9B-BD5F-2C6DB49C8890}
	EndGlobalSection
	GlobalSection(ExtensibilityAddIns) = postSolution
	EndGlobalSection
EndGlobal
